// !$*UTF8*$!
{
	archiveVersion = 1;
	classes = {
	};
	objectVersion = 52;
	objects = {

/* Begin PBXBuildFile section */
		D3309835256D1DB7009281D3 /* Alamofire in Frameworks */ = {isa = PBXBuildFile; productRef = D3309834256D1DB7009281D3 /* Alamofire */; };
		D330983C256D1E46009281D3 /* FirebaseCrashlytics in Frameworks */ = {isa = PBXBuildFile; productRef = D330983B256D1E46009281D3 /* FirebaseCrashlytics */; };
		D330984B256D1FD1009281D3 /* FirebaseCrashlytics in Frameworks */ = {isa = PBXBuildFile; productRef = D330984A256D1FD1009281D3 /* FirebaseCrashlytics */; };
		D3309851256D2130009281D3 /* FirebaseCrashlytics in Frameworks */ = {isa = PBXBuildFile; productRef = D3309850256D2130009281D3 /* FirebaseCrashlytics */; };
		D3309857256D2134009281D3 /* Alamofire in Frameworks */ = {isa = PBXBuildFile; productRef = D3309856256D2134009281D3 /* Alamofire */; };
		D330985D256D215B009281D3 /* Alamofire in Frameworks */ = {isa = PBXBuildFile; productRef = D330985C256D215B009281D3 /* Alamofire */; };
		D330985F256D2161009281D3 /* Alamofire in Frameworks */ = {isa = PBXBuildFile; productRef = D330985E256D2161009281D3 /* Alamofire */; };
		D3309861256D2165009281D3 /* FirebaseCrashlytics in Frameworks */ = {isa = PBXBuildFile; productRef = D3309860256D2165009281D3 /* FirebaseCrashlytics */; };
		D37A6DA7255C008300E52723 /* IntentHandler.swift in Sources */ = {isa = PBXBuildFile; fileRef = D37A6DA6255C008300E52723 /* IntentHandler.swift */; };
		D37A6DAB255C008300E52723 /* CleanWarch Intents.appex in Embed App Extensions */ = {isa = PBXBuildFile; fileRef = D37A6DA4255C008300E52723 /* CleanWarch Intents.appex */; settings = {ATTRIBUTES = (RemoveHeadersOnCopy, ); }; };
		D3915D462542E74A00610A30 /* GoogleService-Info.plist in Resources */ = {isa = PBXBuildFile; fileRef = D3915D432542E74A00610A30 /* GoogleService-Info.plist */; };
		D3FFE9B925398CDA00790BFB /* CleanWarch WatchKit App.app in Embed Watch Content */ = {isa = PBXBuildFile; fileRef = D3FFE9B825398CDA00790BFB /* CleanWarch WatchKit App.app */; settings = {ATTRIBUTES = (RemoveHeadersOnCopy, ); }; };
		D3FFE9BF25398CDA00790BFB /* Interface.storyboard in Resources */ = {isa = PBXBuildFile; fileRef = D3FFE9BD25398CDA00790BFB /* Interface.storyboard */; };
		D3FFE9C125398CDB00790BFB /* Assets.xcassets in Resources */ = {isa = PBXBuildFile; fileRef = D3FFE9C025398CDB00790BFB /* Assets.xcassets */; };
		D3FFE9C825398CDC00790BFB /* CleanWarch WatchKit Extension.appex in Embed App Extensions */ = {isa = PBXBuildFile; fileRef = D3FFE9C725398CDC00790BFB /* CleanWarch WatchKit Extension.appex */; settings = {ATTRIBUTES = (RemoveHeadersOnCopy, ); }; };
		D3FFE9CD25398CDC00790BFB /* InterfaceController.swift in Sources */ = {isa = PBXBuildFile; fileRef = D3FFE9CC25398CDC00790BFB /* InterfaceController.swift */; };
		D3FFE9CF25398CDC00790BFB /* ExtensionDelegate.swift in Sources */ = {isa = PBXBuildFile; fileRef = D3FFE9CE25398CDC00790BFB /* ExtensionDelegate.swift */; };
		D3FFE9D125398CDC00790BFB /* NotificationController.swift in Sources */ = {isa = PBXBuildFile; fileRef = D3FFE9D025398CDC00790BFB /* NotificationController.swift */; };
		D3FFE9D325398CDC00790BFB /* ComplicationController.swift in Sources */ = {isa = PBXBuildFile; fileRef = D3FFE9D225398CDC00790BFB /* ComplicationController.swift */; };
		D3FFE9D525398CDC00790BFB /* Assets.xcassets in Resources */ = {isa = PBXBuildFile; fileRef = D3FFE9D425398CDC00790BFB /* Assets.xcassets */; };
/* End PBXBuildFile section */

/* Begin PBXContainerItemProxy section */
		D37A6DA9255C008300E52723 /* PBXContainerItemProxy */ = {
			isa = PBXContainerItemProxy;
			containerPortal = D3FFE9AE25398CD900790BFB /* Project object */;
			proxyType = 1;
			remoteGlobalIDString = D37A6DA3255C008300E52723;
			remoteInfo = "CleanWarch Intents";
		};
		D3FFE9BA25398CDA00790BFB /* PBXContainerItemProxy */ = {
			isa = PBXContainerItemProxy;
			containerPortal = D3FFE9AE25398CD900790BFB /* Project object */;
			proxyType = 1;
			remoteGlobalIDString = D3FFE9B725398CDA00790BFB;
			remoteInfo = "CleanWarch WatchKit App";
		};
		D3FFE9C925398CDC00790BFB /* PBXContainerItemProxy */ = {
			isa = PBXContainerItemProxy;
			containerPortal = D3FFE9AE25398CD900790BFB /* Project object */;
			proxyType = 1;
			remoteGlobalIDString = D3FFE9C625398CDC00790BFB;
			remoteInfo = "CleanWarch WatchKit Extension";
		};
/* End PBXContainerItemProxy section */

/* Begin PBXCopyFilesBuildPhase section */
		D37A6DAC255C008300E52723 /* Embed App Extensions */ = {
			isa = PBXCopyFilesBuildPhase;
			buildActionMask = 2147483647;
			dstPath = "";
			dstSubfolderSpec = 13;
			files = (
				D37A6DAB255C008300E52723 /* CleanWarch Intents.appex in Embed App Extensions */,
			);
			name = "Embed App Extensions";
			runOnlyForDeploymentPostprocessing = 0;
		};
		D3FFE9DD25398CDC00790BFB /* Embed App Extensions */ = {
			isa = PBXCopyFilesBuildPhase;
			buildActionMask = 2147483647;
			dstPath = "";
			dstSubfolderSpec = 13;
			files = (
				D3FFE9C825398CDC00790BFB /* CleanWarch WatchKit Extension.appex in Embed App Extensions */,
			);
			name = "Embed App Extensions";
			runOnlyForDeploymentPostprocessing = 0;
		};
		D3FFE9E125398CDC00790BFB /* Embed Watch Content */ = {
			isa = PBXCopyFilesBuildPhase;
			buildActionMask = 2147483647;
			dstPath = "$(CONTENTS_FOLDER_PATH)/Watch";
			dstSubfolderSpec = 16;
			files = (
				D3FFE9B925398CDA00790BFB /* CleanWarch WatchKit App.app in Embed Watch Content */,
			);
			name = "Embed Watch Content";
			runOnlyForDeploymentPostprocessing = 0;
		};
/* End PBXCopyFilesBuildPhase section */

/* Begin PBXFileReference section */
		D32BA1BC255BE9AC004B7603 /* CleanWarch WatchKit Extension.entitlements */ = {isa = PBXFileReference; lastKnownFileType = text.plist.entitlements; path = "CleanWarch WatchKit Extension.entitlements"; sourceTree = "<group>"; };
		D37A6DA4255C008300E52723 /* CleanWarch Intents.appex */ = {isa = PBXFileReference; explicitFileType = "wrapper.app-extension"; includeInIndex = 0; path = "CleanWarch Intents.appex"; sourceTree = BUILT_PRODUCTS_DIR; };
		D37A6DA6255C008300E52723 /* IntentHandler.swift */ = {isa = PBXFileReference; lastKnownFileType = sourcecode.swift; path = IntentHandler.swift; sourceTree = "<group>"; };
		D37A6DA8255C008300E52723 /* Info.plist */ = {isa = PBXFileReference; lastKnownFileType = text.plist.xml; path = Info.plist; sourceTree = "<group>"; };
		D3915D432542E74A00610A30 /* GoogleService-Info.plist */ = {isa = PBXFileReference; fileEncoding = 4; lastKnownFileType = text.plist.xml; path = "GoogleService-Info.plist"; sourceTree = "<group>"; };
		D3FFE9B425398CD900790BFB /* CleanWarch.app */ = {isa = PBXFileReference; explicitFileType = wrapper.application; includeInIndex = 0; path = CleanWarch.app; sourceTree = BUILT_PRODUCTS_DIR; };
		D3FFE9B825398CDA00790BFB /* CleanWarch WatchKit App.app */ = {isa = PBXFileReference; explicitFileType = wrapper.application; includeInIndex = 0; path = "CleanWarch WatchKit App.app"; sourceTree = BUILT_PRODUCTS_DIR; };
		D3FFE9BE25398CDA00790BFB /* Base */ = {isa = PBXFileReference; lastKnownFileType = file.storyboard; name = Base; path = Base.lproj/Interface.storyboard; sourceTree = "<group>"; };
		D3FFE9C025398CDB00790BFB /* Assets.xcassets */ = {isa = PBXFileReference; lastKnownFileType = folder.assetcatalog; path = Assets.xcassets; sourceTree = "<group>"; };
		D3FFE9C225398CDB00790BFB /* Info.plist */ = {isa = PBXFileReference; lastKnownFileType = text.plist.xml; path = Info.plist; sourceTree = "<group>"; };
		D3FFE9C725398CDC00790BFB /* CleanWarch WatchKit Extension.appex */ = {isa = PBXFileReference; explicitFileType = "wrapper.app-extension"; includeInIndex = 0; path = "CleanWarch WatchKit Extension.appex"; sourceTree = BUILT_PRODUCTS_DIR; };
		D3FFE9CC25398CDC00790BFB /* InterfaceController.swift */ = {isa = PBXFileReference; lastKnownFileType = sourcecode.swift; path = InterfaceController.swift; sourceTree = "<group>"; };
		D3FFE9CE25398CDC00790BFB /* ExtensionDelegate.swift */ = {isa = PBXFileReference; lastKnownFileType = sourcecode.swift; path = ExtensionDelegate.swift; sourceTree = "<group>"; };
		D3FFE9D025398CDC00790BFB /* NotificationController.swift */ = {isa = PBXFileReference; lastKnownFileType = sourcecode.swift; path = NotificationController.swift; sourceTree = "<group>"; };
		D3FFE9D225398CDC00790BFB /* ComplicationController.swift */ = {isa = PBXFileReference; lastKnownFileType = sourcecode.swift; path = ComplicationController.swift; sourceTree = "<group>"; };
		D3FFE9D425398CDC00790BFB /* Assets.xcassets */ = {isa = PBXFileReference; lastKnownFileType = folder.assetcatalog; path = Assets.xcassets; sourceTree = "<group>"; };
		D3FFE9D625398CDC00790BFB /* Info.plist */ = {isa = PBXFileReference; lastKnownFileType = text.plist.xml; path = Info.plist; sourceTree = "<group>"; };
		D3FFE9D725398CDC00790BFB /* PushNotificationPayload.apns */ = {isa = PBXFileReference; lastKnownFileType = text; path = PushNotificationPayload.apns; sourceTree = "<group>"; };
		D3FFEA03253994B700790BFB /* README.md */ = {isa = PBXFileReference; fileEncoding = 4; lastKnownFileType = net.daringfireball.markdown; path = README.md; sourceTree = "<group>"; };
/* End PBXFileReference section */

/* Begin PBXFrameworksBuildPhase section */
		0D8E5AA4769423905FE92CC9 /* Frameworks */ = {
			isa = PBXFrameworksBuildPhase;
			buildActionMask = 2147483647;
			files = (
				D3309851256D2130009281D3 /* FirebaseCrashlytics in Frameworks */,
				D3309857256D2134009281D3 /* Alamofire in Frameworks */,
			);
			runOnlyForDeploymentPostprocessing = 0;
		};
		85DBEF596ABF7F87F3FBF77E /* Frameworks */ = {
			isa = PBXFrameworksBuildPhase;
			buildActionMask = 2147483647;
			files = (
				D3309835256D1DB7009281D3 /* Alamofire in Frameworks */,
				D330983C256D1E46009281D3 /* FirebaseCrashlytics in Frameworks */,
			);
			runOnlyForDeploymentPostprocessing = 0;
		};
		D37A6DA1255C008300E52723 /* Frameworks */ = {
			isa = PBXFrameworksBuildPhase;
			buildActionMask = 2147483647;
			files = (
				D330985F256D2161009281D3 /* Alamofire in Frameworks */,
				D3309861256D2165009281D3 /* FirebaseCrashlytics in Frameworks */,
			);
			runOnlyForDeploymentPostprocessing = 0;
		};
		D3FFE9C425398CDC00790BFB /* Frameworks */ = {
			isa = PBXFrameworksBuildPhase;
			buildActionMask = 2147483647;
			files = (
				D330984B256D1FD1009281D3 /* FirebaseCrashlytics in Frameworks */,
				D330985D256D215B009281D3 /* Alamofire in Frameworks */,
			);
			runOnlyForDeploymentPostprocessing = 0;
		};
/* End PBXFrameworksBuildPhase section */

/* Begin PBXGroup section */
		D3309849256D1FD1009281D3 /* Frameworks */ = {
			isa = PBXGroup;
			children = (
			);
			name = Frameworks;
			sourceTree = "<group>";
		};
		D37A6DA5255C008300E52723 /* CleanWarch Intents */ = {
			isa = PBXGroup;
			children = (
				D37A6DA6255C008300E52723 /* IntentHandler.swift */,
				D37A6DA8255C008300E52723 /* Info.plist */,
			);
			path = "CleanWarch Intents";
			sourceTree = "<group>";
		};
		D3FFE9AD25398CD900790BFB = {
			isa = PBXGroup;
			children = (
				D3FFEA03253994B700790BFB /* README.md */,
				D3FFE9BC25398CDA00790BFB /* CleanWarch WatchKit App */,
				D3FFE9CB25398CDC00790BFB /* CleanWarch WatchKit Extension */,
				D37A6DA5255C008300E52723 /* CleanWarch Intents */,
				D3FFE9B525398CD900790BFB /* Products */,
				D3309849256D1FD1009281D3 /* Frameworks */,
			);
			sourceTree = "<group>";
		};
		D3FFE9B525398CD900790BFB /* Products */ = {
			isa = PBXGroup;
			children = (
				D3FFE9B425398CD900790BFB /* CleanWarch.app */,
				D3FFE9B825398CDA00790BFB /* CleanWarch WatchKit App.app */,
				D3FFE9C725398CDC00790BFB /* CleanWarch WatchKit Extension.appex */,
				D37A6DA4255C008300E52723 /* CleanWarch Intents.appex */,
			);
			name = Products;
			sourceTree = "<group>";
		};
		D3FFE9BC25398CDA00790BFB /* CleanWarch WatchKit App */ = {
			isa = PBXGroup;
			children = (
				D3FFE9BD25398CDA00790BFB /* Interface.storyboard */,
				D3FFE9C025398CDB00790BFB /* Assets.xcassets */,
				D3FFE9C225398CDB00790BFB /* Info.plist */,
			);
			path = "CleanWarch WatchKit App";
			sourceTree = "<group>";
		};
		D3FFE9CB25398CDC00790BFB /* CleanWarch WatchKit Extension */ = {
			isa = PBXGroup;
			children = (
				D32BA1BC255BE9AC004B7603 /* CleanWarch WatchKit Extension.entitlements */,
				D3FFE9CC25398CDC00790BFB /* InterfaceController.swift */,
				D3FFE9CE25398CDC00790BFB /* ExtensionDelegate.swift */,
				D3FFE9D025398CDC00790BFB /* NotificationController.swift */,
				D3FFE9D225398CDC00790BFB /* ComplicationController.swift */,
				D3FFE9D425398CDC00790BFB /* Assets.xcassets */,
				D3FFE9D625398CDC00790BFB /* Info.plist */,
				D3FFE9D725398CDC00790BFB /* PushNotificationPayload.apns */,
				D3915D432542E74A00610A30 /* GoogleService-Info.plist */,
			);
			path = "CleanWarch WatchKit Extension";
			sourceTree = "<group>";
		};
/* End PBXGroup section */

/* Begin PBXNativeTarget section */
		D37A6DA3255C008300E52723 /* CleanWarch Intents */ = {
			isa = PBXNativeTarget;
			buildConfigurationList = D37A6DAF255C008400E52723 /* Build configuration list for PBXNativeTarget "CleanWarch Intents" */;
			buildPhases = (
				D37A6DA0255C008300E52723 /* Sources */,
				D37A6DA1255C008300E52723 /* Frameworks */,
				D37A6DA2255C008300E52723 /* Resources */,
			);
			buildRules = (
			);
			dependencies = (
			);
			name = "CleanWarch Intents";
			packageProductDependencies = (
				D330985E256D2161009281D3 /* Alamofire */,
				D3309860256D2165009281D3 /* FirebaseCrashlytics */,
			);
			productName = "CleanWarch Intents";
			productReference = D37A6DA4255C008300E52723 /* CleanWarch Intents.appex */;
			productType = "com.apple.product-type.app-extension";
		};
		D3FFE9B325398CD900790BFB /* CleanWarch */ = {
			isa = PBXNativeTarget;
			buildConfigurationList = D3FFE9E225398CDC00790BFB /* Build configuration list for PBXNativeTarget "CleanWarch" */;
			buildPhases = (
				D3FFE9B225398CD900790BFB /* Resources */,
				D3FFE9E125398CDC00790BFB /* Embed Watch Content */,
				85DBEF596ABF7F87F3FBF77E /* Frameworks */,
			);
			buildRules = (
			);
			dependencies = (
				D3FFE9BB25398CDA00790BFB /* PBXTargetDependency */,
			);
			name = CleanWarch;
			packageProductDependencies = (
				D3309834256D1DB7009281D3 /* Alamofire */,
				D330983B256D1E46009281D3 /* FirebaseCrashlytics */,
			);
			productName = CleanWarch;
			productReference = D3FFE9B425398CD900790BFB /* CleanWarch.app */;
			productType = "com.apple.product-type.application.watchapp2-container";
		};
		D3FFE9B725398CDA00790BFB /* CleanWarch WatchKit App */ = {
			isa = PBXNativeTarget;
			buildConfigurationList = D3FFE9DE25398CDC00790BFB /* Build configuration list for PBXNativeTarget "CleanWarch WatchKit App" */;
			buildPhases = (
				D3FFE9B625398CDA00790BFB /* Resources */,
				D3FFE9DD25398CDC00790BFB /* Embed App Extensions */,
				0D8E5AA4769423905FE92CC9 /* Frameworks */,
			);
			buildRules = (
			);
			dependencies = (
				D3FFE9CA25398CDC00790BFB /* PBXTargetDependency */,
			);
			name = "CleanWarch WatchKit App";
			packageProductDependencies = (
				D3309850256D2130009281D3 /* FirebaseCrashlytics */,
				D3309856256D2134009281D3 /* Alamofire */,
			);
			productName = "CleanWarch WatchKit App";
			productReference = D3FFE9B825398CDA00790BFB /* CleanWarch WatchKit App.app */;
			productType = "com.apple.product-type.application.watchapp2";
		};
		D3FFE9C625398CDC00790BFB /* CleanWarch WatchKit Extension */ = {
			isa = PBXNativeTarget;
			buildConfigurationList = D3FFE9DA25398CDC00790BFB /* Build configuration list for PBXNativeTarget "CleanWarch WatchKit Extension" */;
			buildPhases = (
				D3FFE9C325398CDC00790BFB /* Sources */,
				D3FFE9C425398CDC00790BFB /* Frameworks */,
				D3FFE9C525398CDC00790BFB /* Resources */,
				D37A6DAC255C008300E52723 /* Embed App Extensions */,
			);
			buildRules = (
			);
			dependencies = (
				D37A6DAA255C008300E52723 /* PBXTargetDependency */,
			);
			name = "CleanWarch WatchKit Extension";
			packageProductDependencies = (
				D330984A256D1FD1009281D3 /* FirebaseCrashlytics */,
				D330985C256D215B009281D3 /* Alamofire */,
			);
			productName = "CleanWarch WatchKit Extension";
			productReference = D3FFE9C725398CDC00790BFB /* CleanWarch WatchKit Extension.appex */;
			productType = "com.apple.product-type.watchkit2-extension";
		};
/* End PBXNativeTarget section */

/* Begin PBXProject section */
		D3FFE9AE25398CD900790BFB /* Project object */ = {
			isa = PBXProject;
			attributes = {
				LastSwiftUpdateCheck = 1210;
				LastUpgradeCheck = 1200;
				TargetAttributes = {
					D37A6DA3255C008300E52723 = {
						CreatedOnToolsVersion = 12.1;
					};
					D3FFE9B325398CD900790BFB = {
						CreatedOnToolsVersion = 12.0.1;
					};
					D3FFE9B725398CDA00790BFB = {
						CreatedOnToolsVersion = 12.0.1;
					};
					D3FFE9C625398CDC00790BFB = {
						CreatedOnToolsVersion = 12.0.1;
					};
				};
			};
			buildConfigurationList = D3FFE9B125398CD900790BFB /* Build configuration list for PBXProject "CleanWarch" */;
			compatibilityVersion = "Xcode 11.0";
			developmentRegion = en;
			hasScannedForEncodings = 0;
			knownRegions = (
				en,
				Base,
			);
			mainGroup = D3FFE9AD25398CD900790BFB;
			packageReferences = (
				D3309833256D1DB7009281D3 /* XCRemoteSwiftPackageReference "Alamofire" */,
				D330983A256D1E46009281D3 /* XCRemoteSwiftPackageReference "firebase-ios-sdk" */,
			);
			productRefGroup = D3FFE9B525398CD900790BFB /* Products */;
			projectDirPath = "";
			projectRoot = "";
			targets = (
				D3FFE9B325398CD900790BFB /* CleanWarch */,
				D3FFE9B725398CDA00790BFB /* CleanWarch WatchKit App */,
				D3FFE9C625398CDC00790BFB /* CleanWarch WatchKit Extension */,
				D37A6DA3255C008300E52723 /* CleanWarch Intents */,
			);
		};
/* End PBXProject section */

/* Begin PBXResourcesBuildPhase section */
		D37A6DA2255C008300E52723 /* Resources */ = {
			isa = PBXResourcesBuildPhase;
			buildActionMask = 2147483647;
			files = (
			);
			runOnlyForDeploymentPostprocessing = 0;
		};
		D3FFE9B225398CD900790BFB /* Resources */ = {
			isa = PBXResourcesBuildPhase;
			buildActionMask = 2147483647;
			files = (
			);
			runOnlyForDeploymentPostprocessing = 0;
		};
		D3FFE9B625398CDA00790BFB /* Resources */ = {
			isa = PBXResourcesBuildPhase;
			buildActionMask = 2147483647;
			files = (
				D3FFE9C125398CDB00790BFB /* Assets.xcassets in Resources */,
				D3FFE9BF25398CDA00790BFB /* Interface.storyboard in Resources */,
			);
			runOnlyForDeploymentPostprocessing = 0;
		};
		D3FFE9C525398CDC00790BFB /* Resources */ = {
			isa = PBXResourcesBuildPhase;
			buildActionMask = 2147483647;
			files = (
				D3FFE9D525398CDC00790BFB /* Assets.xcassets in Resources */,
				D3915D462542E74A00610A30 /* GoogleService-Info.plist in Resources */,
			);
			runOnlyForDeploymentPostprocessing = 0;
		};
/* End PBXResourcesBuildPhase section */

/* Begin PBXSourcesBuildPhase section */
		D37A6DA0255C008300E52723 /* Sources */ = {
			isa = PBXSourcesBuildPhase;
			buildActionMask = 2147483647;
			files = (
				D37A6DA7255C008300E52723 /* IntentHandler.swift in Sources */,
			);
			runOnlyForDeploymentPostprocessing = 0;
		};
		D3FFE9C325398CDC00790BFB /* Sources */ = {
			isa = PBXSourcesBuildPhase;
			buildActionMask = 2147483647;
			files = (
				D3FFE9D125398CDC00790BFB /* NotificationController.swift in Sources */,
				D3FFE9D325398CDC00790BFB /* ComplicationController.swift in Sources */,
				D3FFE9CF25398CDC00790BFB /* ExtensionDelegate.swift in Sources */,
				D3FFE9CD25398CDC00790BFB /* InterfaceController.swift in Sources */,
			);
			runOnlyForDeploymentPostprocessing = 0;
		};
/* End PBXSourcesBuildPhase section */

/* Begin PBXTargetDependency section */
		D37A6DAA255C008300E52723 /* PBXTargetDependency */ = {
			isa = PBXTargetDependency;
			target = D37A6DA3255C008300E52723 /* CleanWarch Intents */;
			targetProxy = D37A6DA9255C008300E52723 /* PBXContainerItemProxy */;
		};
		D3FFE9BB25398CDA00790BFB /* PBXTargetDependency */ = {
			isa = PBXTargetDependency;
			target = D3FFE9B725398CDA00790BFB /* CleanWarch WatchKit App */;
			targetProxy = D3FFE9BA25398CDA00790BFB /* PBXContainerItemProxy */;
		};
		D3FFE9CA25398CDC00790BFB /* PBXTargetDependency */ = {
			isa = PBXTargetDependency;
			target = D3FFE9C625398CDC00790BFB /* CleanWarch WatchKit Extension */;
			targetProxy = D3FFE9C925398CDC00790BFB /* PBXContainerItemProxy */;
		};
/* End PBXTargetDependency section */

/* Begin PBXVariantGroup section */
		D3FFE9BD25398CDA00790BFB /* Interface.storyboard */ = {
			isa = PBXVariantGroup;
			children = (
				D3FFE9BE25398CDA00790BFB /* Base */,
			);
			name = Interface.storyboard;
			sourceTree = "<group>";
		};
/* End PBXVariantGroup section */

/* Begin XCBuildConfiguration section */
		D37A6DAD255C008300E52723 /* Debug */ = {
			isa = XCBuildConfiguration;
			buildSettings = {
				CODE_SIGN_STYLE = Automatic;
				DEBUG_INFORMATION_FORMAT = dwarf;
				DEVELOPMENT_TEAM = LRE923483J;
				INFOPLIST_FILE = "CleanWarch Intents/Info.plist";
				LD_RUNPATH_SEARCH_PATHS = (
					"$(inherited)",
					"@executable_path/Frameworks",
					"@executable_path/../../Frameworks",
					"@executable_path/../../../../Frameworks",
				);
				PRODUCT_BUNDLE_IDENTIFIER = "es.laura.CleanWarch.watchkitapp.watchkitextension.CleanWarch-Intents";
				PRODUCT_NAME = "$(TARGET_NAME)";
				SDKROOT = watchos;
				SKIP_INSTALL = YES;
				SWIFT_VERSION = 5.0;
				TARGETED_DEVICE_FAMILY = 4;
			};
			name = Debug;
		};
		D37A6DAE255C008300E52723 /* Release */ = {
			isa = XCBuildConfiguration;
			buildSettings = {
				CODE_SIGN_STYLE = Automatic;
				DEBUG_INFORMATION_FORMAT = "dwarf-with-dsym";
				DEVELOPMENT_TEAM = LRE923483J;
				INFOPLIST_FILE = "CleanWarch Intents/Info.plist";
				LD_RUNPATH_SEARCH_PATHS = (
					"$(inherited)",
					"@executable_path/Frameworks",
					"@executable_path/../../Frameworks",
					"@executable_path/../../../../Frameworks",
				);
				PRODUCT_BUNDLE_IDENTIFIER = "es.laura.CleanWarch.watchkitapp.watchkitextension.CleanWarch-Intents";
				PRODUCT_NAME = "$(TARGET_NAME)";
				SDKROOT = watchos;
				SKIP_INSTALL = YES;
				SWIFT_VERSION = 5.0;
				TARGETED_DEVICE_FAMILY = 4;
			};
			name = Release;
		};
		D3FFE9D825398CDC00790BFB /* Debug */ = {
			isa = XCBuildConfiguration;
			buildSettings = {
				ALWAYS_SEARCH_USER_PATHS = NO;
				CLANG_ANALYZER_NONNULL = YES;
				CLANG_ANALYZER_NUMBER_OBJECT_CONVERSION = YES_AGGRESSIVE;
				CLANG_CXX_LANGUAGE_STANDARD = "gnu++14";
				CLANG_CXX_LIBRARY = "libc++";
				CLANG_ENABLE_MODULES = YES;
				CLANG_ENABLE_OBJC_ARC = YES;
				CLANG_ENABLE_OBJC_WEAK = YES;
				CLANG_WARN_BLOCK_CAPTURE_AUTORELEASING = YES;
				CLANG_WARN_BOOL_CONVERSION = YES;
				CLANG_WARN_COMMA = YES;
				CLANG_WARN_CONSTANT_CONVERSION = YES;
				CLANG_WARN_DEPRECATED_OBJC_IMPLEMENTATIONS = YES;
				CLANG_WARN_DIRECT_OBJC_ISA_USAGE = YES_ERROR;
				CLANG_WARN_DOCUMENTATION_COMMENTS = YES;
				CLANG_WARN_EMPTY_BODY = YES;
				CLANG_WARN_ENUM_CONVERSION = YES;
				CLANG_WARN_INFINITE_RECURSION = YES;
				CLANG_WARN_INT_CONVERSION = YES;
				CLANG_WARN_NON_LITERAL_NULL_CONVERSION = YES;
				CLANG_WARN_OBJC_IMPLICIT_RETAIN_SELF = YES;
				CLANG_WARN_OBJC_LITERAL_CONVERSION = YES;
				CLANG_WARN_OBJC_ROOT_CLASS = YES_ERROR;
				CLANG_WARN_QUOTED_INCLUDE_IN_FRAMEWORK_HEADER = YES;
				CLANG_WARN_RANGE_LOOP_ANALYSIS = YES;
				CLANG_WARN_STRICT_PROTOTYPES = YES;
				CLANG_WARN_SUSPICIOUS_MOVE = YES;
				CLANG_WARN_UNGUARDED_AVAILABILITY = YES_AGGRESSIVE;
				CLANG_WARN_UNREACHABLE_CODE = YES;
				CLANG_WARN__DUPLICATE_METHOD_MATCH = YES;
				COPY_PHASE_STRIP = NO;
				ENABLE_STRICT_OBJC_MSGSEND = YES;
				ENABLE_TESTABILITY = YES;
				GCC_C_LANGUAGE_STANDARD = gnu11;
				GCC_DYNAMIC_NO_PIC = NO;
				GCC_NO_COMMON_BLOCKS = YES;
				GCC_OPTIMIZATION_LEVEL = 0;
				GCC_PREPROCESSOR_DEFINITIONS = (
					"DEBUG=1",
					"$(inherited)",
				);
				GCC_WARN_64_TO_32_BIT_CONVERSION = YES;
				GCC_WARN_ABOUT_RETURN_TYPE = YES_ERROR;
				GCC_WARN_UNDECLARED_SELECTOR = YES;
				GCC_WARN_UNINITIALIZED_AUTOS = YES_AGGRESSIVE;
				GCC_WARN_UNUSED_FUNCTION = YES;
				GCC_WARN_UNUSED_VARIABLE = YES;
				IPHONEOS_DEPLOYMENT_TARGET = 12.0;
				MTL_ENABLE_DEBUG_INFO = INCLUDE_SOURCE;
				MTL_FAST_MATH = YES;
				ONLY_ACTIVE_ARCH = YES;
				SDKROOT = iphoneos;
				SWIFT_ACTIVE_COMPILATION_CONDITIONS = DEBUG;
				SWIFT_OPTIMIZATION_LEVEL = "-Onone";
				WATCHOS_DEPLOYMENT_TARGET = 6.2;
			};
			name = Debug;
		};
		D3FFE9D925398CDC00790BFB /* Release */ = {
			isa = XCBuildConfiguration;
			buildSettings = {
				ALWAYS_SEARCH_USER_PATHS = NO;
				CLANG_ANALYZER_NONNULL = YES;
				CLANG_ANALYZER_NUMBER_OBJECT_CONVERSION = YES_AGGRESSIVE;
				CLANG_CXX_LANGUAGE_STANDARD = "gnu++14";
				CLANG_CXX_LIBRARY = "libc++";
				CLANG_ENABLE_MODULES = YES;
				CLANG_ENABLE_OBJC_ARC = YES;
				CLANG_ENABLE_OBJC_WEAK = YES;
				CLANG_WARN_BLOCK_CAPTURE_AUTORELEASING = YES;
				CLANG_WARN_BOOL_CONVERSION = YES;
				CLANG_WARN_COMMA = YES;
				CLANG_WARN_CONSTANT_CONVERSION = YES;
				CLANG_WARN_DEPRECATED_OBJC_IMPLEMENTATIONS = YES;
				CLANG_WARN_DIRECT_OBJC_ISA_USAGE = YES_ERROR;
				CLANG_WARN_DOCUMENTATION_COMMENTS = YES;
				CLANG_WARN_EMPTY_BODY = YES;
				CLANG_WARN_ENUM_CONVERSION = YES;
				CLANG_WARN_INFINITE_RECURSION = YES;
				CLANG_WARN_INT_CONVERSION = YES;
				CLANG_WARN_NON_LITERAL_NULL_CONVERSION = YES;
				CLANG_WARN_OBJC_IMPLICIT_RETAIN_SELF = YES;
				CLANG_WARN_OBJC_LITERAL_CONVERSION = YES;
				CLANG_WARN_OBJC_ROOT_CLASS = YES_ERROR;
				CLANG_WARN_QUOTED_INCLUDE_IN_FRAMEWORK_HEADER = YES;
				CLANG_WARN_RANGE_LOOP_ANALYSIS = YES;
				CLANG_WARN_STRICT_PROTOTYPES = YES;
				CLANG_WARN_SUSPICIOUS_MOVE = YES;
				CLANG_WARN_UNGUARDED_AVAILABILITY = YES_AGGRESSIVE;
				CLANG_WARN_UNREACHABLE_CODE = YES;
				CLANG_WARN__DUPLICATE_METHOD_MATCH = YES;
				COPY_PHASE_STRIP = NO;
				ENABLE_NS_ASSERTIONS = NO;
				ENABLE_STRICT_OBJC_MSGSEND = YES;
				GCC_C_LANGUAGE_STANDARD = gnu11;
				GCC_NO_COMMON_BLOCKS = YES;
				GCC_WARN_64_TO_32_BIT_CONVERSION = YES;
				GCC_WARN_ABOUT_RETURN_TYPE = YES_ERROR;
				GCC_WARN_UNDECLARED_SELECTOR = YES;
				GCC_WARN_UNINITIALIZED_AUTOS = YES_AGGRESSIVE;
				GCC_WARN_UNUSED_FUNCTION = YES;
				GCC_WARN_UNUSED_VARIABLE = YES;
				IPHONEOS_DEPLOYMENT_TARGET = 12.0;
				MTL_ENABLE_DEBUG_INFO = NO;
				MTL_FAST_MATH = YES;
				SDKROOT = iphoneos;
				SWIFT_COMPILATION_MODE = wholemodule;
				SWIFT_OPTIMIZATION_LEVEL = "-O";
				VALIDATE_PRODUCT = YES;
				WATCHOS_DEPLOYMENT_TARGET = 6.2;
			};
			name = Release;
		};
		D3FFE9DB25398CDC00790BFB /* Debug */ = {
			isa = XCBuildConfiguration;
			buildSettings = {
				ASSETCATALOG_COMPILER_COMPLICATION_NAME = Complication;
				CODE_SIGN_ENTITLEMENTS = "CleanWarch WatchKit Extension/CleanWarch WatchKit Extension.entitlements";
				CODE_SIGN_STYLE = Automatic;
				DEVELOPMENT_TEAM = LRE923483J;
				INFOPLIST_FILE = "CleanWarch WatchKit Extension/Info.plist";
				LD_RUNPATH_SEARCH_PATHS = (
					"$(inherited)",
					"@executable_path/Frameworks",
					"@executable_path/../../Frameworks",
				);
				PRODUCT_BUNDLE_IDENTIFIER = es.laura.CleanWarch.watchkitapp.watchkitextension;
				PRODUCT_NAME = "${TARGET_NAME}";
				SDKROOT = watchos;
				SKIP_INSTALL = YES;
				SWIFT_VERSION = 5.0;
				TARGETED_DEVICE_FAMILY = 4;
			};
			name = Debug;
		};
		D3FFE9DC25398CDC00790BFB /* Release */ = {
			isa = XCBuildConfiguration;
			buildSettings = {
				ASSETCATALOG_COMPILER_COMPLICATION_NAME = Complication;
				CODE_SIGN_ENTITLEMENTS = "CleanWarch WatchKit Extension/CleanWarch WatchKit Extension.entitlements";
				CODE_SIGN_STYLE = Automatic;
				DEVELOPMENT_TEAM = LRE923483J;
				INFOPLIST_FILE = "CleanWarch WatchKit Extension/Info.plist";
				LD_RUNPATH_SEARCH_PATHS = (
					"$(inherited)",
					"@executable_path/Frameworks",
					"@executable_path/../../Frameworks",
				);
				PRODUCT_BUNDLE_IDENTIFIER = es.laura.CleanWarch.watchkitapp.watchkitextension;
				PRODUCT_NAME = "${TARGET_NAME}";
				SDKROOT = watchos;
				SKIP_INSTALL = YES;
				SWIFT_VERSION = 5.0;
				TARGETED_DEVICE_FAMILY = 4;
			};
			name = Release;
		};
		D3FFE9DF25398CDC00790BFB /* Debug */ = {
			isa = XCBuildConfiguration;
			buildSettings = {
				ALWAYS_EMBED_SWIFT_STANDARD_LIBRARIES = YES;
				ASSETCATALOG_COMPILER_APPICON_NAME = AppIcon;
				ASSETCATALOG_COMPILER_GLOBAL_ACCENT_COLOR_NAME = AccentColor;
				CODE_SIGN_STYLE = Automatic;
				DEVELOPMENT_TEAM = LRE923483J;
				IBSC_MODULE = CleanWarch_WatchKit_Extension;
				INFOPLIST_FILE = "CleanWarch WatchKit App/Info.plist";
				PRODUCT_BUNDLE_IDENTIFIER = es.laura.CleanWarch.watchkitapp;
				PRODUCT_NAME = "$(TARGET_NAME)";
				SDKROOT = watchos;
				SKIP_INSTALL = YES;
				SWIFT_VERSION = 5.0;
				TARGETED_DEVICE_FAMILY = 4;
			};
			name = Debug;
		};
		D3FFE9E025398CDC00790BFB /* Release */ = {
			isa = XCBuildConfiguration;
			buildSettings = {
				ALWAYS_EMBED_SWIFT_STANDARD_LIBRARIES = YES;
				ASSETCATALOG_COMPILER_APPICON_NAME = AppIcon;
				ASSETCATALOG_COMPILER_GLOBAL_ACCENT_COLOR_NAME = AccentColor;
				CODE_SIGN_STYLE = Automatic;
				DEVELOPMENT_TEAM = LRE923483J;
				IBSC_MODULE = CleanWarch_WatchKit_Extension;
				INFOPLIST_FILE = "CleanWarch WatchKit App/Info.plist";
				PRODUCT_BUNDLE_IDENTIFIER = es.laura.CleanWarch.watchkitapp;
				PRODUCT_NAME = "$(TARGET_NAME)";
				SDKROOT = watchos;
				SKIP_INSTALL = YES;
				SWIFT_VERSION = 5.0;
				TARGETED_DEVICE_FAMILY = 4;
			};
			name = Release;
		};
		D3FFE9E325398CDC00790BFB /* Debug */ = {
			isa = XCBuildConfiguration;
			buildSettings = {
				CODE_SIGN_STYLE = Automatic;
				CURRENT_PROJECT_VERSION = 1;
				DEVELOPMENT_TEAM = LRE923483J;
				MARKETING_VERSION = 1.0;
				PRODUCT_BUNDLE_IDENTIFIER = es.laura.CleanWarch;
				PRODUCT_NAME = "$(TARGET_NAME)";
				SWIFT_VERSION = 5.0;
			};
			name = Debug;
		};
		D3FFE9E425398CDC00790BFB /* Release */ = {
			isa = XCBuildConfiguration;
			buildSettings = {
				CODE_SIGN_STYLE = Automatic;
				CURRENT_PROJECT_VERSION = 1;
				DEVELOPMENT_TEAM = LRE923483J;
				MARKETING_VERSION = 1.0;
				PRODUCT_BUNDLE_IDENTIFIER = es.laura.CleanWarch;
				PRODUCT_NAME = "$(TARGET_NAME)";
				SWIFT_VERSION = 5.0;
			};
			name = Release;
		};
/* End XCBuildConfiguration section */

/* Begin XCConfigurationList section */
		D37A6DAF255C008400E52723 /* Build configuration list for PBXNativeTarget "CleanWarch Intents" */ = {
			isa = XCConfigurationList;
			buildConfigurations = (
				D37A6DAD255C008300E52723 /* Debug */,
				D37A6DAE255C008300E52723 /* Release */,
			);
			defaultConfigurationIsVisible = 0;
			defaultConfigurationName = Release;
		};
		D3FFE9B125398CD900790BFB /* Build configuration list for PBXProject "CleanWarch" */ = {
			isa = XCConfigurationList;
			buildConfigurations = (
				D3FFE9D825398CDC00790BFB /* Debug */,
				D3FFE9D925398CDC00790BFB /* Release */,
			);
			defaultConfigurationIsVisible = 0;
			defaultConfigurationName = Release;
		};
		D3FFE9DA25398CDC00790BFB /* Build configuration list for PBXNativeTarget "CleanWarch WatchKit Extension" */ = {
			isa = XCConfigurationList;
			buildConfigurations = (
				D3FFE9DB25398CDC00790BFB /* Debug */,
				D3FFE9DC25398CDC00790BFB /* Release */,
			);
			defaultConfigurationIsVisible = 0;
			defaultConfigurationName = Release;
		};
		D3FFE9DE25398CDC00790BFB /* Build configuration list for PBXNativeTarget "CleanWarch WatchKit App" */ = {
			isa = XCConfigurationList;
			buildConfigurations = (
				D3FFE9DF25398CDC00790BFB /* Debug */,
				D3FFE9E025398CDC00790BFB /* Release */,
			);
			defaultConfigurationIsVisible = 0;
			defaultConfigurationName = Release;
		};
		D3FFE9E225398CDC00790BFB /* Build configuration list for PBXNativeTarget "CleanWarch" */ = {
			isa = XCConfigurationList;
			buildConfigurations = (
				D3FFE9E325398CDC00790BFB /* Debug */,
				D3FFE9E425398CDC00790BFB /* Release */,
			);
			defaultConfigurationIsVisible = 0;
			defaultConfigurationName = Release;
		};
/* End XCConfigurationList section */

/* Begin XCRemoteSwiftPackageReference section */
		D3309833256D1DB7009281D3 /* XCRemoteSwiftPackageReference "Alamofire" */ = {
			isa = XCRemoteSwiftPackageReference;
			repositoryURL = "https://github.com/Alamofire/Alamofire";
			requirement = {
				kind = upToNextMajorVersion;
				minimumVersion = 5.4.0;
			};
		};
		D330983A256D1E46009281D3 /* XCRemoteSwiftPackageReference "firebase-ios-sdk" */ = {
			isa = XCRemoteSwiftPackageReference;
			repositoryURL = "https://github.com/firebase/firebase-ios-sdk";
			requirement = {
				kind = upToNextMajorVersion;
				minimumVersion = 7.1.0;
			};
		};
/* End XCRemoteSwiftPackageReference section */

/* Begin XCSwiftPackageProductDependency section */
		D3309834256D1DB7009281D3 /* Alamofire */ = {
			isa = XCSwiftPackageProductDependency;
			package = D3309833256D1DB7009281D3 /* XCRemoteSwiftPackageReference "Alamofire" */;
			productName = Alamofire;
		};
		D330983B256D1E46009281D3 /* FirebaseCrashlytics */ = {
			isa = XCSwiftPackageProductDependency;
			package = D330983A256D1E46009281D3 /* XCRemoteSwiftPackageReference "firebase-ios-sdk" */;
			productName = FirebaseCrashlytics;
		};
		D330984A256D1FD1009281D3 /* FirebaseCrashlytics */ = {
			isa = XCSwiftPackageProductDependency;
			package = D330983A256D1E46009281D3 /* XCRemoteSwiftPackageReference "firebase-ios-sdk" */;
			productName = FirebaseCrashlytics;
		};
		D3309850256D2130009281D3 /* FirebaseCrashlytics */ = {
			isa = XCSwiftPackageProductDependency;
			package = D330983A256D1E46009281D3 /* XCRemoteSwiftPackageReference "firebase-ios-sdk" */;
			productName = FirebaseCrashlytics;
		};
		D3309856256D2134009281D3 /* Alamofire */ = {
			isa = XCSwiftPackageProductDependency;
			package = D3309833256D1DB7009281D3 /* XCRemoteSwiftPackageReference "Alamofire" */;
			productName = Alamofire;
		};
		D330985C256D215B009281D3 /* Alamofire */ = {
			isa = XCSwiftPackageProductDependency;
			package = D3309833256D1DB7009281D3 /* XCRemoteSwiftPackageReference "Alamofire" */;
			productName = Alamofire;
		};
		D330985E256D2161009281D3 /* Alamofire */ = {
			isa = XCSwiftPackageProductDependency;
			package = D3309833256D1DB7009281D3 /* XCRemoteSwiftPackageReference "Alamofire" */;
			productName = Alamofire;
		};
		D3309860256D2165009281D3 /* FirebaseCrashlytics */ = {
			isa = XCSwiftPackageProductDependency;
			package = D330983A256D1E46009281D3 /* XCRemoteSwiftPackageReference "firebase-ios-sdk" */;
			productName = FirebaseCrashlytics;
		};
/* End XCSwiftPackageProductDependency section */
	};
	rootObject = D3FFE9AE25398CD900790BFB /* Project object */;
}
