// !$*UTF8*$!
{
	archiveVersion = 1;
	classes = {
	};
	objectVersion = 50;
	objects = {

/* Begin PBXBuildFile section */
		D3AE42EE2588DFE1006A89A1 /* SwiftUIApp WatchKit App.app in Embed Watch Content */ = {isa = PBXBuildFile; fileRef = D3AE42ED2588DFE1006A89A1 /* SwiftUIApp WatchKit App.app */; settings = {ATTRIBUTES = (RemoveHeadersOnCopy, ); }; };
		D3AE42F32588DFE4006A89A1 /* Assets.xcassets in Resources */ = {isa = PBXBuildFile; fileRef = D3AE42F22588DFE4006A89A1 /* Assets.xcassets */; };
		D3AE42FA2588DFE5006A89A1 /* SwiftUIApp WatchKit Extension.appex in Embed App Extensions */ = {isa = PBXBuildFile; fileRef = D3AE42F92588DFE5006A89A1 /* SwiftUIApp WatchKit Extension.appex */; settings = {ATTRIBUTES = (RemoveHeadersOnCopy, ); }; };
		D3AE42FF2588DFE5006A89A1 /* ContentView.swift in Sources */ = {isa = PBXBuildFile; fileRef = D3AE42FE2588DFE5006A89A1 /* ContentView.swift */; };
		D3AE43012588DFE5006A89A1 /* SwiftUIAppApp.swift in Sources */ = {isa = PBXBuildFile; fileRef = D3AE43002588DFE5006A89A1 /* SwiftUIAppApp.swift */; };
		D3AE43032588DFE5006A89A1 /* ComplicationController.swift in Sources */ = {isa = PBXBuildFile; fileRef = D3AE43022588DFE5006A89A1 /* ComplicationController.swift */; };
		D3AE43052588DFE6006A89A1 /* Assets.xcassets in Resources */ = {isa = PBXBuildFile; fileRef = D3AE43042588DFE6006A89A1 /* Assets.xcassets */; };
		D3AE43082588DFE6006A89A1 /* Preview Assets.xcassets in Resources */ = {isa = PBXBuildFile; fileRef = D3AE43072588DFE6006A89A1 /* Preview Assets.xcassets */; };
/* End PBXBuildFile section */

/* Begin PBXContainerItemProxy section */
		D3AE42EF2588DFE1006A89A1 /* PBXContainerItemProxy */ = {
			isa = PBXContainerItemProxy;
			containerPortal = D3AE42E32588DFE1006A89A1 /* Project object */;
			proxyType = 1;
			remoteGlobalIDString = D3AE42EC2588DFE1006A89A1;
			remoteInfo = "SwiftUIApp WatchKit App";
		};
		D3AE42FB2588DFE5006A89A1 /* PBXContainerItemProxy */ = {
			isa = PBXContainerItemProxy;
			containerPortal = D3AE42E32588DFE1006A89A1 /* Project object */;
			proxyType = 1;
			remoteGlobalIDString = D3AE42F82588DFE4006A89A1;
			remoteInfo = "SwiftUIApp WatchKit Extension";
		};
/* End PBXContainerItemProxy section */

/* Begin PBXCopyFilesBuildPhase section */
		D3AE430F2588DFE6006A89A1 /* Embed App Extensions */ = {
			isa = PBXCopyFilesBuildPhase;
			buildActionMask = 2147483647;
			dstPath = "";
			dstSubfolderSpec = 13;
			files = (
				D3AE42FA2588DFE5006A89A1 /* SwiftUIApp WatchKit Extension.appex in Embed App Extensions */,
			);
			name = "Embed App Extensions";
			runOnlyForDeploymentPostprocessing = 0;
		};
		D3AE43132588DFE6006A89A1 /* Embed Watch Content */ = {
			isa = PBXCopyFilesBuildPhase;
			buildActionMask = 2147483647;
			dstPath = "$(CONTENTS_FOLDER_PATH)/Watch";
			dstSubfolderSpec = 16;
			files = (
				D3AE42EE2588DFE1006A89A1 /* SwiftUIApp WatchKit App.app in Embed Watch Content */,
			);
			name = "Embed Watch Content";
			runOnlyForDeploymentPostprocessing = 0;
		};
/* End PBXCopyFilesBuildPhase section */

/* Begin PBXFileReference section */
		D3AE42E92588DFE1006A89A1 /* SwiftUIApp.app */ = {isa = PBXFileReference; explicitFileType = wrapper.application; includeInIndex = 0; path = SwiftUIApp.app; sourceTree = BUILT_PRODUCTS_DIR; };
		D3AE42ED2588DFE1006A89A1 /* SwiftUIApp WatchKit App.app */ = {isa = PBXFileReference; explicitFileType = wrapper.application; includeInIndex = 0; path = "SwiftUIApp WatchKit App.app"; sourceTree = BUILT_PRODUCTS_DIR; };
		D3AE42F22588DFE4006A89A1 /* Assets.xcassets */ = {isa = PBXFileReference; lastKnownFileType = folder.assetcatalog; path = Assets.xcassets; sourceTree = "<group>"; };
		D3AE42F42588DFE4006A89A1 /* Info.plist */ = {isa = PBXFileReference; lastKnownFileType = text.plist.xml; path = Info.plist; sourceTree = "<group>"; };
		D3AE42F92588DFE5006A89A1 /* SwiftUIApp WatchKit Extension.appex */ = {isa = PBXFileReference; explicitFileType = "wrapper.app-extension"; includeInIndex = 0; path = "SwiftUIApp WatchKit Extension.appex"; sourceTree = BUILT_PRODUCTS_DIR; };
		D3AE42FE2588DFE5006A89A1 /* ContentView.swift */ = {isa = PBXFileReference; lastKnownFileType = sourcecode.swift; path = ContentView.swift; sourceTree = "<group>"; };
		D3AE43002588DFE5006A89A1 /* SwiftUIAppApp.swift */ = {isa = PBXFileReference; lastKnownFileType = sourcecode.swift; path = SwiftUIAppApp.swift; sourceTree = "<group>"; };
		D3AE43022588DFE5006A89A1 /* ComplicationController.swift */ = {isa = PBXFileReference; lastKnownFileType = sourcecode.swift; path = ComplicationController.swift; sourceTree = "<group>"; };
		D3AE43042588DFE6006A89A1 /* Assets.xcassets */ = {isa = PBXFileReference; lastKnownFileType = folder.assetcatalog; path = Assets.xcassets; sourceTree = "<group>"; };
		D3AE43072588DFE6006A89A1 /* Preview Assets.xcassets */ = {isa = PBXFileReference; lastKnownFileType = folder.assetcatalog; path = "Preview Assets.xcassets"; sourceTree = "<group>"; };
		D3AE43092588DFE6006A89A1 /* Info.plist */ = {isa = PBXFileReference; lastKnownFileType = text.plist.xml; path = Info.plist; sourceTree = "<group>"; };
/* End PBXFileReference section */

/* Begin PBXFrameworksBuildPhase section */
		D3AE42F62588DFE4006A89A1 /* Frameworks */ = {
			isa = PBXFrameworksBuildPhase;
			buildActionMask = 2147483647;
			files = (
			);
			runOnlyForDeploymentPostprocessing = 0;
		};
/* End PBXFrameworksBuildPhase section */

/* Begin PBXGroup section */
		D3AE42E22588DFE1006A89A1 = {
			isa = PBXGroup;
			children = (
				D3AE42F12588DFE1006A89A1 /* SwiftUIApp WatchKit App */,
				D3AE42FD2588DFE5006A89A1 /* SwiftUIApp WatchKit Extension */,
				D3AE42EA2588DFE1006A89A1 /* Products */,
			);
			sourceTree = "<group>";
		};
		D3AE42EA2588DFE1006A89A1 /* Products */ = {
			isa = PBXGroup;
			children = (
				D3AE42E92588DFE1006A89A1 /* SwiftUIApp.app */,
				D3AE42ED2588DFE1006A89A1 /* SwiftUIApp WatchKit App.app */,
				D3AE42F92588DFE5006A89A1 /* SwiftUIApp WatchKit Extension.appex */,
			);
			name = Products;
			sourceTree = "<group>";
		};
		D3AE42F12588DFE1006A89A1 /* SwiftUIApp WatchKit App */ = {
			isa = PBXGroup;
			children = (
				D3AE42F22588DFE4006A89A1 /* Assets.xcassets */,
				D3AE42F42588DFE4006A89A1 /* Info.plist */,
			);
			path = "SwiftUIApp WatchKit App";
			sourceTree = "<group>";
		};
		D3AE42FD2588DFE5006A89A1 /* SwiftUIApp WatchKit Extension */ = {
			isa = PBXGroup;
			children = (
				D3AE43002588DFE5006A89A1 /* SwiftUIAppApp.swift */,
				D3AE42FE2588DFE5006A89A1 /* ContentView.swift */,
				D3AE43022588DFE5006A89A1 /* ComplicationController.swift */,
				D3AE43042588DFE6006A89A1 /* Assets.xcassets */,
				D3AE43092588DFE6006A89A1 /* Info.plist */,
				D3AE43062588DFE6006A89A1 /* Preview Content */,
			);
			path = "SwiftUIApp WatchKit Extension";
			sourceTree = "<group>";
		};
		D3AE43062588DFE6006A89A1 /* Preview Content */ = {
			isa = PBXGroup;
			children = (
				D3AE43072588DFE6006A89A1 /* Preview Assets.xcassets */,
			);
			path = "Preview Content";
			sourceTree = "<group>";
		};
/* End PBXGroup section */

/* Begin PBXNativeTarget section */
		D3AE42E82588DFE1006A89A1 /* SwiftUIApp */ = {
			isa = PBXNativeTarget;
			buildConfigurationList = D3AE43142588DFE6006A89A1 /* Build configuration list for PBXNativeTarget "SwiftUIApp" */;
			buildPhases = (
				D3AE42E72588DFE1006A89A1 /* Resources */,
				D3AE43132588DFE6006A89A1 /* Embed Watch Content */,
			);
			buildRules = (
			);
			dependencies = (
				D3AE42F02588DFE1006A89A1 /* PBXTargetDependency */,
			);
			name = SwiftUIApp;
			productName = SwiftUIApp;
			productReference = D3AE42E92588DFE1006A89A1 /* SwiftUIApp.app */;
			productType = "com.apple.product-type.application.watchapp2-container";
		};
		D3AE42EC2588DFE1006A89A1 /* SwiftUIApp WatchKit App */ = {
			isa = PBXNativeTarget;
			buildConfigurationList = D3AE43102588DFE6006A89A1 /* Build configuration list for PBXNativeTarget "SwiftUIApp WatchKit App" */;
			buildPhases = (
				D3AE42EB2588DFE1006A89A1 /* Resources */,
				D3AE430F2588DFE6006A89A1 /* Embed App Extensions */,
			);
			buildRules = (
			);
			dependencies = (
				D3AE42FC2588DFE5006A89A1 /* PBXTargetDependency */,
			);
			name = "SwiftUIApp WatchKit App";
			productName = "SwiftUIApp WatchKit App";
			productReference = D3AE42ED2588DFE1006A89A1 /* SwiftUIApp WatchKit App.app */;
			productType = "com.apple.product-type.application.watchapp2";
		};
		D3AE42F82588DFE4006A89A1 /* SwiftUIApp WatchKit Extension */ = {
			isa = PBXNativeTarget;
			buildConfigurationList = D3AE430C2588DFE6006A89A1 /* Build configuration list for PBXNativeTarget "SwiftUIApp WatchKit Extension" */;
			buildPhases = (
				D3AE42F52588DFE4006A89A1 /* Sources */,
				D3AE42F62588DFE4006A89A1 /* Frameworks */,
				D3AE42F72588DFE4006A89A1 /* Resources */,
			);
			buildRules = (
			);
			dependencies = (
			);
			name = "SwiftUIApp WatchKit Extension";
			productName = "SwiftUIApp WatchKit Extension";
			productReference = D3AE42F92588DFE5006A89A1 /* SwiftUIApp WatchKit Extension.appex */;
			productType = "com.apple.product-type.watchkit2-extension";
		};
/* End PBXNativeTarget section */

/* Begin PBXProject section */
		D3AE42E32588DFE1006A89A1 /* Project object */ = {
			isa = PBXProject;
			attributes = {
				LastSwiftUpdateCheck = 1230;
				LastUpgradeCheck = 1230;
				TargetAttributes = {
					D3AE42E82588DFE1006A89A1 = {
						CreatedOnToolsVersion = 12.3;
					};
					D3AE42EC2588DFE1006A89A1 = {
						CreatedOnToolsVersion = 12.3;
					};
					D3AE42F82588DFE4006A89A1 = {
						CreatedOnToolsVersion = 12.3;
					};
				};
			};
			buildConfigurationList = D3AE42E62588DFE1006A89A1 /* Build configuration list for PBXProject "SwiftUIApp" */;
			compatibilityVersion = "Xcode 9.3";
			developmentRegion = en;
			hasScannedForEncodings = 0;
			knownRegions = (
				en,
				Base,
			);
			mainGroup = D3AE42E22588DFE1006A89A1;
			productRefGroup = D3AE42EA2588DFE1006A89A1 /* Products */;
			projectDirPath = "";
			projectRoot = "";
			targets = (
				D3AE42E82588DFE1006A89A1 /* SwiftUIApp */,
				D3AE42EC2588DFE1006A89A1 /* SwiftUIApp WatchKit App */,
				D3AE42F82588DFE4006A89A1 /* SwiftUIApp WatchKit Extension */,
			);
		};
/* End PBXProject section */

/* Begin PBXResourcesBuildPhase section */
		D3AE42E72588DFE1006A89A1 /* Resources */ = {
			isa = PBXResourcesBuildPhase;
			buildActionMask = 2147483647;
			files = (
			);
			runOnlyForDeploymentPostprocessing = 0;
		};
		D3AE42EB2588DFE1006A89A1 /* Resources */ = {
			isa = PBXResourcesBuildPhase;
			buildActionMask = 2147483647;
			files = (
				D3AE42F32588DFE4006A89A1 /* Assets.xcassets in Resources */,
			);
			runOnlyForDeploymentPostprocessing = 0;
		};
		D3AE42F72588DFE4006A89A1 /* Resources */ = {
			isa = PBXResourcesBuildPhase;
			buildActionMask = 2147483647;
			files = (
				D3AE43082588DFE6006A89A1 /* Preview Assets.xcassets in Resources */,
				D3AE43052588DFE6006A89A1 /* Assets.xcassets in Resources */,
			);
			runOnlyForDeploymentPostprocessing = 0;
		};
/* End PBXResourcesBuildPhase section */

/* Begin PBXSourcesBuildPhase section */
		D3AE42F52588DFE4006A89A1 /* Sources */ = {
			isa = PBXSourcesBuildPhase;
			buildActionMask = 2147483647;
			files = (
				D3AE42FF2588DFE5006A89A1 /* ContentView.swift in Sources */,
				D3AE43012588DFE5006A89A1 /* SwiftUIAppApp.swift in Sources */,
				D3AE43032588DFE5006A89A1 /* ComplicationController.swift in Sources */,
			);
			runOnlyForDeploymentPostprocessing = 0;
		};
/* End PBXSourcesBuildPhase section */

/* Begin PBXTargetDependency section */
		D3AE42F02588DFE1006A89A1 /* PBXTargetDependency */ = {
			isa = PBXTargetDependency;
			target = D3AE42EC2588DFE1006A89A1 /* SwiftUIApp WatchKit App */;
			targetProxy = D3AE42EF2588DFE1006A89A1 /* PBXContainerItemProxy */;
		};
		D3AE42FC2588DFE5006A89A1 /* PBXTargetDependency */ = {
			isa = PBXTargetDependency;
			target = D3AE42F82588DFE4006A89A1 /* SwiftUIApp WatchKit Extension */;
			targetProxy = D3AE42FB2588DFE5006A89A1 /* PBXContainerItemProxy */;
		};
/* End PBXTargetDependency section */

/* Begin XCBuildConfiguration section */
		D3AE430A2588DFE6006A89A1 /* Debug */ = {
			isa = XCBuildConfiguration;
			buildSettings = {
				ALWAYS_SEARCH_USER_PATHS = NO;
				CLANG_ANALYZER_NONNULL = YES;
				CLANG_ANALYZER_NUMBER_OBJECT_CONVERSION = YES_AGGRESSIVE;
				CLANG_CXX_LANGUAGE_STANDARD = "gnu++14";
				CLANG_CXX_LIBRARY = "libc++";
				CLANG_ENABLE_MODULES = YES;
				CLANG_ENABLE_OBJC_ARC = YES;
				CLANG_ENABLE_OBJC_WEAK = YES;
				CLANG_WARN_BLOCK_CAPTURE_AUTORELEASING = YES;
				CLANG_WARN_BOOL_CONVERSION = YES;
				CLANG_WARN_COMMA = YES;
				CLANG_WARN_CONSTANT_CONVERSION = YES;
				CLANG_WARN_DEPRECATED_OBJC_IMPLEMENTATIONS = YES;
				CLANG_WARN_DIRECT_OBJC_ISA_USAGE = YES_ERROR;
				CLANG_WARN_DOCUMENTATION_COMMENTS = YES;
				CLANG_WARN_EMPTY_BODY = YES;
				CLANG_WARN_ENUM_CONVERSION = YES;
				CLANG_WARN_INFINITE_RECURSION = YES;
				CLANG_WARN_INT_CONVERSION = YES;
				CLANG_WARN_NON_LITERAL_NULL_CONVERSION = YES;
				CLANG_WARN_OBJC_IMPLICIT_RETAIN_SELF = YES;
				CLANG_WARN_OBJC_LITERAL_CONVERSION = YES;
				CLANG_WARN_OBJC_ROOT_CLASS = YES_ERROR;
				CLANG_WARN_QUOTED_INCLUDE_IN_FRAMEWORK_HEADER = YES;
				CLANG_WARN_RANGE_LOOP_ANALYSIS = YES;
				CLANG_WARN_STRICT_PROTOTYPES = YES;
				CLANG_WARN_SUSPICIOUS_MOVE = YES;
				CLANG_WARN_UNGUARDED_AVAILABILITY = YES_AGGRESSIVE;
				CLANG_WARN_UNREACHABLE_CODE = YES;
				CLANG_WARN__DUPLICATE_METHOD_MATCH = YES;
				COPY_PHASE_STRIP = NO;
				DEBUG_INFORMATION_FORMAT = dwarf;
				ENABLE_STRICT_OBJC_MSGSEND = YES;
				ENABLE_TESTABILITY = YES;
				GCC_C_LANGUAGE_STANDARD = gnu11;
				GCC_DYNAMIC_NO_PIC = NO;
				GCC_NO_COMMON_BLOCKS = YES;
				GCC_OPTIMIZATION_LEVEL = 0;
				GCC_PREPROCESSOR_DEFINITIONS = (
					"DEBUG=1",
					"$(inherited)",
				);
				GCC_WARN_64_TO_32_BIT_CONVERSION = YES;
				GCC_WARN_ABOUT_RETURN_TYPE = YES_ERROR;
				GCC_WARN_UNDECLARED_SELECTOR = YES;
				GCC_WARN_UNINITIALIZED_AUTOS = YES_AGGRESSIVE;
				GCC_WARN_UNUSED_FUNCTION = YES;
				GCC_WARN_UNUSED_VARIABLE = YES;
				MTL_ENABLE_DEBUG_INFO = INCLUDE_SOURCE;
				MTL_FAST_MATH = YES;
				ONLY_ACTIVE_ARCH = YES;
				SDKROOT = iphoneos;
				SWIFT_ACTIVE_COMPILATION_CONDITIONS = DEBUG;
				SWIFT_OPTIMIZATION_LEVEL = "-Onone";
			};
			name = Debug;
		};
		D3AE430B2588DFE6006A89A1 /* Release */ = {
			isa = XCBuildConfiguration;
			buildSettings = {
				ALWAYS_SEARCH_USER_PATHS = NO;
				CLANG_ANALYZER_NONNULL = YES;
				CLANG_ANALYZER_NUMBER_OBJECT_CONVERSION = YES_AGGRESSIVE;
				CLANG_CXX_LANGUAGE_STANDARD = "gnu++14";
				CLANG_CXX_LIBRARY = "libc++";
				CLANG_ENABLE_MODULES = YES;
				CLANG_ENABLE_OBJC_ARC = YES;
				CLANG_ENABLE_OBJC_WEAK = YES;
				CLANG_WARN_BLOCK_CAPTURE_AUTORELEASING = YES;
				CLANG_WARN_BOOL_CONVERSION = YES;
				CLANG_WARN_COMMA = YES;
				CLANG_WARN_CONSTANT_CONVERSION = YES;
				CLANG_WARN_DEPRECATED_OBJC_IMPLEMENTATIONS = YES;
				CLANG_WARN_DIRECT_OBJC_ISA_USAGE = YES_ERROR;
				CLANG_WARN_DOCUMENTATION_COMMENTS = YES;
				CLANG_WARN_EMPTY_BODY = YES;
				CLANG_WARN_ENUM_CONVERSION = YES;
				CLANG_WARN_INFINITE_RECURSION = YES;
				CLANG_WARN_INT_CONVERSION = YES;
				CLANG_WARN_NON_LITERAL_NULL_CONVERSION = YES;
				CLANG_WARN_OBJC_IMPLICIT_RETAIN_SELF = YES;
				CLANG_WARN_OBJC_LITERAL_CONVERSION = YES;
				CLANG_WARN_OBJC_ROOT_CLASS = YES_ERROR;
				CLANG_WARN_QUOTED_INCLUDE_IN_FRAMEWORK_HEADER = YES;
				CLANG_WARN_RANGE_LOOP_ANALYSIS = YES;
				CLANG_WARN_STRICT_PROTOTYPES = YES;
				CLANG_WARN_SUSPICIOUS_MOVE = YES;
				CLANG_WARN_UNGUARDED_AVAILABILITY = YES_AGGRESSIVE;
				CLANG_WARN_UNREACHABLE_CODE = YES;
				CLANG_WARN__DUPLICATE_METHOD_MATCH = YES;
				COPY_PHASE_STRIP = NO;
				DEBUG_INFORMATION_FORMAT = "dwarf-with-dsym";
				ENABLE_NS_ASSERTIONS = NO;
				ENABLE_STRICT_OBJC_MSGSEND = YES;
				GCC_C_LANGUAGE_STANDARD = gnu11;
				GCC_NO_COMMON_BLOCKS = YES;
				GCC_WARN_64_TO_32_BIT_CONVERSION = YES;
				GCC_WARN_ABOUT_RETURN_TYPE = YES_ERROR;
				GCC_WARN_UNDECLARED_SELECTOR = YES;
				GCC_WARN_UNINITIALIZED_AUTOS = YES_AGGRESSIVE;
				GCC_WARN_UNUSED_FUNCTION = YES;
				GCC_WARN_UNUSED_VARIABLE = YES;
				MTL_ENABLE_DEBUG_INFO = NO;
				MTL_FAST_MATH = YES;
				SDKROOT = iphoneos;
				SWIFT_COMPILATION_MODE = wholemodule;
				SWIFT_OPTIMIZATION_LEVEL = "-O";
				VALIDATE_PRODUCT = YES;
			};
			name = Release;
		};
		D3AE430D2588DFE6006A89A1 /* Debug */ = {
			isa = XCBuildConfiguration;
			buildSettings = {
				ASSETCATALOG_COMPILER_COMPLICATION_NAME = Complication;
				CODE_SIGN_STYLE = Automatic;
				DEVELOPMENT_ASSET_PATHS = "\"SwiftUIApp WatchKit Extension/Preview Content\"";
				DEVELOPMENT_TEAM = LRE923483J;
				ENABLE_PREVIEWS = YES;
				INFOPLIST_FILE = "SwiftUIApp WatchKit Extension/Info.plist";
				LD_RUNPATH_SEARCH_PATHS = (
					"$(inherited)",
					"@executable_path/Frameworks",
					"@executable_path/../../Frameworks",
				);
				PRODUCT_BUNDLE_IDENTIFIER = es.digio.SwiftUIApp.watchkitapp.watchkitextension;
				PRODUCT_NAME = "${TARGET_NAME}";
				SDKROOT = watchos;
				SKIP_INSTALL = YES;
				SWIFT_VERSION = 5.0;
				TARGETED_DEVICE_FAMILY = 4;
				WATCHOS_DEPLOYMENT_TARGET = 7.2;
			};
			name = Debug;
		};
		D3AE430E2588DFE6006A89A1 /* Release */ = {
			isa = XCBuildConfiguration;
			buildSettings = {
				ASSETCATALOG_COMPILER_COMPLICATION_NAME = Complication;
				CODE_SIGN_STYLE = Automatic;
				DEVELOPMENT_ASSET_PATHS = "\"SwiftUIApp WatchKit Extension/Preview Content\"";
				DEVELOPMENT_TEAM = LRE923483J;
				ENABLE_PREVIEWS = YES;
				INFOPLIST_FILE = "SwiftUIApp WatchKit Extension/Info.plist";
				LD_RUNPATH_SEARCH_PATHS = (
					"$(inherited)",
					"@executable_path/Frameworks",
					"@executable_path/../../Frameworks",
				);
				PRODUCT_BUNDLE_IDENTIFIER = es.digio.SwiftUIApp.watchkitapp.watchkitextension;
				PRODUCT_NAME = "${TARGET_NAME}";
				SDKROOT = watchos;
				SKIP_INSTALL = YES;
				SWIFT_VERSION = 5.0;
				TARGETED_DEVICE_FAMILY = 4;
				WATCHOS_DEPLOYMENT_TARGET = 7.2;
			};
			name = Release;
		};
		D3AE43112588DFE6006A89A1 /* Debug */ = {
			isa = XCBuildConfiguration;
			buildSettings = {
				ALWAYS_EMBED_SWIFT_STANDARD_LIBRARIES = YES;
				ASSETCATALOG_COMPILER_APPICON_NAME = AppIcon;
				ASSETCATALOG_COMPILER_GLOBAL_ACCENT_COLOR_NAME = AccentColor;
				CODE_SIGN_STYLE = Automatic;
				DEVELOPMENT_TEAM = LRE923483J;
				IBSC_MODULE = SwiftUIApp_WatchKit_Extension;
				INFOPLIST_FILE = "SwiftUIApp WatchKit App/Info.plist";
				PRODUCT_BUNDLE_IDENTIFIER = es.digio.SwiftUIApp.watchkitapp;
				PRODUCT_NAME = "$(TARGET_NAME)";
				SDKROOT = watchos;
				SKIP_INSTALL = YES;
				SWIFT_VERSION = 5.0;
				TARGETED_DEVICE_FAMILY = 4;
				WATCHOS_DEPLOYMENT_TARGET = 7.2;
			};
			name = Debug;
		};
		D3AE43122588DFE6006A89A1 /* Release */ = {
			isa = XCBuildConfiguration;
			buildSettings = {
				ALWAYS_EMBED_SWIFT_STANDARD_LIBRARIES = YES;
				ASSETCATALOG_COMPILER_APPICON_NAME = AppIcon;
				ASSETCATALOG_COMPILER_GLOBAL_ACCENT_COLOR_NAME = AccentColor;
				CODE_SIGN_STYLE = Automatic;
				DEVELOPMENT_TEAM = LRE923483J;
				IBSC_MODULE = SwiftUIApp_WatchKit_Extension;
				INFOPLIST_FILE = "SwiftUIApp WatchKit App/Info.plist";
				PRODUCT_BUNDLE_IDENTIFIER = es.digio.SwiftUIApp.watchkitapp;
				PRODUCT_NAME = "$(TARGET_NAME)";
				SDKROOT = watchos;
				SKIP_INSTALL = YES;
				SWIFT_VERSION = 5.0;
				TARGETED_DEVICE_FAMILY = 4;
				WATCHOS_DEPLOYMENT_TARGET = 7.2;
			};
			name = Release;
		};
		D3AE43152588DFE6006A89A1 /* Debug */ = {
			isa = XCBuildConfiguration;
			buildSettings = {
				CODE_SIGN_STYLE = Automatic;
				CURRENT_PROJECT_VERSION = 1;
				DEVELOPMENT_TEAM = LRE923483J;
				MARKETING_VERSION = 1.0;
				PRODUCT_BUNDLE_IDENTIFIER = es.digio.SwiftUIApp;
				PRODUCT_NAME = "$(TARGET_NAME)";
				SWIFT_VERSION = 5.0;
			};
			name = Debug;
		};
		D3AE43162588DFE6006A89A1 /* Release */ = {
			isa = XCBuildConfiguration;
			buildSettings = {
				CODE_SIGN_STYLE = Automatic;
				CURRENT_PROJECT_VERSION = 1;
				DEVELOPMENT_TEAM = LRE923483J;
				MARKETING_VERSION = 1.0;
				PRODUCT_BUNDLE_IDENTIFIER = es.digio.SwiftUIApp;
				PRODUCT_NAME = "$(TARGET_NAME)";
				SWIFT_VERSION = 5.0;
			};
			name = Release;
		};
/* End XCBuildConfiguration section */

/* Begin XCConfigurationList section */
		D3AE42E62588DFE1006A89A1 /* Build configuration list for PBXProject "SwiftUIApp" */ = {
			isa = XCConfigurationList;
			buildConfigurations = (
				D3AE430A2588DFE6006A89A1 /* Debug */,
				D3AE430B2588DFE6006A89A1 /* Release */,
			);
			defaultConfigurationIsVisible = 0;
			defaultConfigurationName = Release;
		};
		D3AE430C2588DFE6006A89A1 /* Build configuration list for PBXNativeTarget "SwiftUIApp WatchKit Extension" */ = {
			isa = XCConfigurationList;
			buildConfigurations = (
				D3AE430D2588DFE6006A89A1 /* Debug */,
				D3AE430E2588DFE6006A89A1 /* Release */,
			);
			defaultConfigurationIsVisible = 0;
			defaultConfigurationName = Release;
		};
		D3AE43102588DFE6006A89A1 /* Build configuration list for PBXNativeTarget "SwiftUIApp WatchKit App" */ = {
			isa = XCConfigurationList;
			buildConfigurations = (
				D3AE43112588DFE6006A89A1 /* Debug */,
				D3AE43122588DFE6006A89A1 /* Release */,
			);
			defaultConfigurationIsVisible = 0;
			defaultConfigurationName = Release;
		};
		D3AE43142588DFE6006A89A1 /* Build configuration list for PBXNativeTarget "SwiftUIApp" */ = {
			isa = XCConfigurationList;
			buildConfigurations = (
				D3AE43152588DFE6006A89A1 /* Debug */,
				D3AE43162588DFE6006A89A1 /* Release */,
			);
			defaultConfigurationIsVisible = 0;
			defaultConfigurationName = Release;
		};
/* End XCConfigurationList section */
	};
	rootObject = D3AE42E32588DFE1006A89A1 /* Project object */;
}
